// !$*UTF8*$!
{
	archiveVersion = 1;
	classes = {
	};
	objectVersion = 50;
	objects = {

/* Begin PBXBuildFile section */
		6FCA809D1A63477D219C03E6 /* Pods_GitTestTests.framework in Frameworks */ = {isa = PBXBuildFile; fileRef = 415EA91C4701E4FA0EF3157C /* Pods_GitTestTests.framework */; };
		73ED4C2CE3A279226C7904DE /* Pods_GitTest.framework in Frameworks */ = {isa = PBXBuildFile; fileRef = 7DBB348F5B94DB49829F58B1 /* Pods_GitTest.framework */; };
		C45787AD23B5DA330069F401 /* AppDelegate.swift in Sources */ = {isa = PBXBuildFile; fileRef = C45787AC23B5DA330069F401 /* AppDelegate.swift */; };
		C45787AF23B5DA330069F401 /* SceneDelegate.swift in Sources */ = {isa = PBXBuildFile; fileRef = C45787AE23B5DA330069F401 /* SceneDelegate.swift */; };
		C45787B123B5DA330069F401 /* ViewController.swift in Sources */ = {isa = PBXBuildFile; fileRef = C45787B023B5DA330069F401 /* ViewController.swift */; };
		C45787B423B5DA330069F401 /* Main.storyboard in Resources */ = {isa = PBXBuildFile; fileRef = C45787B223B5DA330069F401 /* Main.storyboard */; };
		C45787B623B5DA350069F401 /* Assets.xcassets in Resources */ = {isa = PBXBuildFile; fileRef = C45787B523B5DA350069F401 /* Assets.xcassets */; };
		C45787B923B5DA350069F401 /* LaunchScreen.storyboard in Resources */ = {isa = PBXBuildFile; fileRef = C45787B723B5DA350069F401 /* LaunchScreen.storyboard */; };
		C45787C423B5DA360069F401 /* GitTestTests.swift in Sources */ = {isa = PBXBuildFile; fileRef = C45787C323B5DA360069F401 /* GitTestTests.swift */; };
		C45787CF23B5DA360069F401 /* GitTestUITests.swift in Sources */ = {isa = PBXBuildFile; fileRef = C45787CE23B5DA360069F401 /* GitTestUITests.swift */; };
		C45787DD23B5ED5B0069F401 /* .swiftlint.yml in Resources */ = {isa = PBXBuildFile; fileRef = C45787DC23B5ED5B0069F401 /* .swiftlint.yml */; };
		E16D83EFC5746F3C3959EA8D /* Pods_GitTest_GitTestUITests.framework in Frameworks */ = {isa = PBXBuildFile; fileRef = 5E65DAB1A8C2053FF21B821C /* Pods_GitTest_GitTestUITests.framework */; };
/* End PBXBuildFile section */

/* Begin PBXContainerItemProxy section */
		C45787C023B5DA350069F401 /* PBXContainerItemProxy */ = {
			isa = PBXContainerItemProxy;
			containerPortal = C45787A123B5DA330069F401 /* Project object */;
			proxyType = 1;
			remoteGlobalIDString = C45787A823B5DA330069F401;
			remoteInfo = GitTest;
		};
		C45787CB23B5DA360069F401 /* PBXContainerItemProxy */ = {
			isa = PBXContainerItemProxy;
			containerPortal = C45787A123B5DA330069F401 /* Project object */;
			proxyType = 1;
			remoteGlobalIDString = C45787A823B5DA330069F401;
			remoteInfo = GitTest;
		};
/* End PBXContainerItemProxy section */

/* Begin PBXFileReference section */
		04DA0B9C7D376C10A97D4996 /* Pods-GitTest.debug.xcconfig */ = {isa = PBXFileReference; includeInIndex = 1; lastKnownFileType = text.xcconfig; name = "Pods-GitTest.debug.xcconfig"; path = "Target Support Files/Pods-GitTest/Pods-GitTest.debug.xcconfig"; sourceTree = "<group>"; };
		16DA47A5F172DAA8A5D66722 /* Pods-GitTestTests.release.xcconfig */ = {isa = PBXFileReference; includeInIndex = 1; lastKnownFileType = text.xcconfig; name = "Pods-GitTestTests.release.xcconfig"; path = "Target Support Files/Pods-GitTestTests/Pods-GitTestTests.release.xcconfig"; sourceTree = "<group>"; };
		415EA91C4701E4FA0EF3157C /* Pods_GitTestTests.framework */ = {isa = PBXFileReference; explicitFileType = wrapper.framework; includeInIndex = 0; path = Pods_GitTestTests.framework; sourceTree = BUILT_PRODUCTS_DIR; };
		5E65DAB1A8C2053FF21B821C /* Pods_GitTest_GitTestUITests.framework */ = {isa = PBXFileReference; explicitFileType = wrapper.framework; includeInIndex = 0; path = Pods_GitTest_GitTestUITests.framework; sourceTree = BUILT_PRODUCTS_DIR; };
		6A51DDB369CBFCBE9D890380 /* Pods-GitTest-GitTestUITests.release.xcconfig */ = {isa = PBXFileReference; includeInIndex = 1; lastKnownFileType = text.xcconfig; name = "Pods-GitTest-GitTestUITests.release.xcconfig"; path = "Target Support Files/Pods-GitTest-GitTestUITests/Pods-GitTest-GitTestUITests.release.xcconfig"; sourceTree = "<group>"; };
		7DBB348F5B94DB49829F58B1 /* Pods_GitTest.framework */ = {isa = PBXFileReference; explicitFileType = wrapper.framework; includeInIndex = 0; path = Pods_GitTest.framework; sourceTree = BUILT_PRODUCTS_DIR; };
		9D424BE1E5E28CCFAC943F92 /* Pods-GitTest.release.xcconfig */ = {isa = PBXFileReference; includeInIndex = 1; lastKnownFileType = text.xcconfig; name = "Pods-GitTest.release.xcconfig"; path = "Target Support Files/Pods-GitTest/Pods-GitTest.release.xcconfig"; sourceTree = "<group>"; };
		C45787A923B5DA330069F401 /* GitTest.app */ = {isa = PBXFileReference; explicitFileType = wrapper.application; includeInIndex = 0; path = GitTest.app; sourceTree = BUILT_PRODUCTS_DIR; };
		C45787AC23B5DA330069F401 /* AppDelegate.swift */ = {isa = PBXFileReference; lastKnownFileType = sourcecode.swift; path = AppDelegate.swift; sourceTree = "<group>"; };
		C45787AE23B5DA330069F401 /* SceneDelegate.swift */ = {isa = PBXFileReference; lastKnownFileType = sourcecode.swift; path = SceneDelegate.swift; sourceTree = "<group>"; };
		C45787B023B5DA330069F401 /* ViewController.swift */ = {isa = PBXFileReference; lastKnownFileType = sourcecode.swift; path = ViewController.swift; sourceTree = "<group>"; };
		C45787B323B5DA330069F401 /* Base */ = {isa = PBXFileReference; lastKnownFileType = file.storyboard; name = Base; path = Base.lproj/Main.storyboard; sourceTree = "<group>"; };
		C45787B523B5DA350069F401 /* Assets.xcassets */ = {isa = PBXFileReference; lastKnownFileType = folder.assetcatalog; path = Assets.xcassets; sourceTree = "<group>"; };
		C45787B823B5DA350069F401 /* Base */ = {isa = PBXFileReference; lastKnownFileType = file.storyboard; name = Base; path = Base.lproj/LaunchScreen.storyboard; sourceTree = "<group>"; };
		C45787BA23B5DA350069F401 /* Info.plist */ = {isa = PBXFileReference; lastKnownFileType = text.plist.xml; path = Info.plist; sourceTree = "<group>"; };
		C45787BF23B5DA350069F401 /* GitTestTests.xctest */ = {isa = PBXFileReference; explicitFileType = wrapper.cfbundle; includeInIndex = 0; path = GitTestTests.xctest; sourceTree = BUILT_PRODUCTS_DIR; };
		C45787C323B5DA360069F401 /* GitTestTests.swift */ = {isa = PBXFileReference; lastKnownFileType = sourcecode.swift; path = GitTestTests.swift; sourceTree = "<group>"; };
		C45787C523B5DA360069F401 /* Info.plist */ = {isa = PBXFileReference; lastKnownFileType = text.plist.xml; path = Info.plist; sourceTree = "<group>"; };
		C45787CA23B5DA360069F401 /* GitTestUITests.xctest */ = {isa = PBXFileReference; explicitFileType = wrapper.cfbundle; includeInIndex = 0; path = GitTestUITests.xctest; sourceTree = BUILT_PRODUCTS_DIR; };
		C45787CE23B5DA360069F401 /* GitTestUITests.swift */ = {isa = PBXFileReference; lastKnownFileType = sourcecode.swift; path = GitTestUITests.swift; sourceTree = "<group>"; };
		C45787D023B5DA360069F401 /* Info.plist */ = {isa = PBXFileReference; lastKnownFileType = text.plist.xml; path = Info.plist; sourceTree = "<group>"; };
		C45787DC23B5ED5B0069F401 /* .swiftlint.yml */ = {isa = PBXFileReference; lastKnownFileType = text.yaml; path = .swiftlint.yml; sourceTree = "<group>"; };
		D949895A4D30890E66614ECA /* Pods-GitTestTests.debug.xcconfig */ = {isa = PBXFileReference; includeInIndex = 1; lastKnownFileType = text.xcconfig; name = "Pods-GitTestTests.debug.xcconfig"; path = "Target Support Files/Pods-GitTestTests/Pods-GitTestTests.debug.xcconfig"; sourceTree = "<group>"; };
		DE0E8E69A2C012894FD745A3 /* Pods-GitTest-GitTestUITests.debug.xcconfig */ = {isa = PBXFileReference; includeInIndex = 1; lastKnownFileType = text.xcconfig; name = "Pods-GitTest-GitTestUITests.debug.xcconfig"; path = "Target Support Files/Pods-GitTest-GitTestUITests/Pods-GitTest-GitTestUITests.debug.xcconfig"; sourceTree = "<group>"; };
/* End PBXFileReference section */

/* Begin PBXFrameworksBuildPhase section */
		C45787A623B5DA330069F401 /* Frameworks */ = {
			isa = PBXFrameworksBuildPhase;
			buildActionMask = 2147483647;
			files = (
				73ED4C2CE3A279226C7904DE /* Pods_GitTest.framework in Frameworks */,
			);
			runOnlyForDeploymentPostprocessing = 0;
		};
		C45787BC23B5DA350069F401 /* Frameworks */ = {
			isa = PBXFrameworksBuildPhase;
			buildActionMask = 2147483647;
			files = (
				6FCA809D1A63477D219C03E6 /* Pods_GitTestTests.framework in Frameworks */,
			);
			runOnlyForDeploymentPostprocessing = 0;
		};
		C45787C723B5DA360069F401 /* Frameworks */ = {
			isa = PBXFrameworksBuildPhase;
			buildActionMask = 2147483647;
			files = (
				E16D83EFC5746F3C3959EA8D /* Pods_GitTest_GitTestUITests.framework in Frameworks */,
			);
			runOnlyForDeploymentPostprocessing = 0;
		};
/* End PBXFrameworksBuildPhase section */

/* Begin PBXGroup section */
		11C9D30D689C01FF6A2E9AFE /* Frameworks */ = {
			isa = PBXGroup;
			children = (
				7DBB348F5B94DB49829F58B1 /* Pods_GitTest.framework */,
				5E65DAB1A8C2053FF21B821C /* Pods_GitTest_GitTestUITests.framework */,
				415EA91C4701E4FA0EF3157C /* Pods_GitTestTests.framework */,
			);
			name = Frameworks;
			sourceTree = "<group>";
		};
		C45787A023B5DA330069F401 = {
			isa = PBXGroup;
			children = (
				C45787DC23B5ED5B0069F401 /* .swiftlint.yml */,
				C45787AB23B5DA330069F401 /* GitTest */,
				C45787C223B5DA360069F401 /* GitTestTests */,
				C45787CD23B5DA360069F401 /* GitTestUITests */,
				C45787AA23B5DA330069F401 /* Products */,
				E0D84BDCF9117A8361A35E05 /* Pods */,
				11C9D30D689C01FF6A2E9AFE /* Frameworks */,
			);
			sourceTree = "<group>";
		};
		C45787AA23B5DA330069F401 /* Products */ = {
			isa = PBXGroup;
			children = (
				C45787A923B5DA330069F401 /* GitTest.app */,
				C45787BF23B5DA350069F401 /* GitTestTests.xctest */,
				C45787CA23B5DA360069F401 /* GitTestUITests.xctest */,
			);
			name = Products;
			sourceTree = "<group>";
		};
		C45787AB23B5DA330069F401 /* GitTest */ = {
			isa = PBXGroup;
			children = (
				C45787AC23B5DA330069F401 /* AppDelegate.swift */,
				C45787AE23B5DA330069F401 /* SceneDelegate.swift */,
				C45787B023B5DA330069F401 /* ViewController.swift */,
				C45787B223B5DA330069F401 /* Main.storyboard */,
				C45787B523B5DA350069F401 /* Assets.xcassets */,
				C45787B723B5DA350069F401 /* LaunchScreen.storyboard */,
				C45787BA23B5DA350069F401 /* Info.plist */,
			);
			path = GitTest;
			sourceTree = "<group>";
		};
		C45787C223B5DA360069F401 /* GitTestTests */ = {
			isa = PBXGroup;
			children = (
				C45787C323B5DA360069F401 /* GitTestTests.swift */,
				C45787C523B5DA360069F401 /* Info.plist */,
			);
			path = GitTestTests;
			sourceTree = "<group>";
		};
		C45787CD23B5DA360069F401 /* GitTestUITests */ = {
			isa = PBXGroup;
			children = (
				C45787CE23B5DA360069F401 /* GitTestUITests.swift */,
				C45787D023B5DA360069F401 /* Info.plist */,
			);
			path = GitTestUITests;
			sourceTree = "<group>";
		};
		E0D84BDCF9117A8361A35E05 /* Pods */ = {
			isa = PBXGroup;
			children = (
				04DA0B9C7D376C10A97D4996 /* Pods-GitTest.debug.xcconfig */,
				9D424BE1E5E28CCFAC943F92 /* Pods-GitTest.release.xcconfig */,
				DE0E8E69A2C012894FD745A3 /* Pods-GitTest-GitTestUITests.debug.xcconfig */,
				6A51DDB369CBFCBE9D890380 /* Pods-GitTest-GitTestUITests.release.xcconfig */,
				D949895A4D30890E66614ECA /* Pods-GitTestTests.debug.xcconfig */,
				16DA47A5F172DAA8A5D66722 /* Pods-GitTestTests.release.xcconfig */,
			);
			path = Pods;
			sourceTree = "<group>";
		};
/* End PBXGroup section */

/* Begin PBXNativeTarget section */
		C45787A823B5DA330069F401 /* GitTest */ = {
			isa = PBXNativeTarget;
			buildConfigurationList = C45787D323B5DA360069F401 /* Build configuration list for PBXNativeTarget "GitTest" */;
			buildPhases = (
				6FDEE8A331EE9793DB42036D /* [CP] Check Pods Manifest.lock */,
				C45787A523B5DA330069F401 /* Sources */,
				C45787A623B5DA330069F401 /* Frameworks */,
				C45787A723B5DA330069F401 /* Resources */,
				C45787DE23B5EE2C0069F401 /* ShellScript */,
			);
			buildRules = (
			);
			dependencies = (
			);
			name = GitTest;
			productName = GitTest;
			productReference = C45787A923B5DA330069F401 /* GitTest.app */;
			productType = "com.apple.product-type.application";
		};
		C45787BE23B5DA350069F401 /* GitTestTests */ = {
			isa = PBXNativeTarget;
			buildConfigurationList = C45787D623B5DA360069F401 /* Build configuration list for PBXNativeTarget "GitTestTests" */;
			buildPhases = (
				902EBA8B43CC5B4027F3D7F0 /* [CP] Check Pods Manifest.lock */,
				C45787BB23B5DA350069F401 /* Sources */,
				C45787BC23B5DA350069F401 /* Frameworks */,
				C45787BD23B5DA350069F401 /* Resources */,
			);
			buildRules = (
			);
			dependencies = (
				C45787C123B5DA350069F401 /* PBXTargetDependency */,
			);
			name = GitTestTests;
			productName = GitTestTests;
			productReference = C45787BF23B5DA350069F401 /* GitTestTests.xctest */;
			productType = "com.apple.product-type.bundle.unit-test";
		};
		C45787C923B5DA360069F401 /* GitTestUITests */ = {
			isa = PBXNativeTarget;
			buildConfigurationList = C45787D923B5DA360069F401 /* Build configuration list for PBXNativeTarget "GitTestUITests" */;
			buildPhases = (
				4DBF3EB40B740C6B22ACCDB3 /* [CP] Check Pods Manifest.lock */,
				C45787C623B5DA360069F401 /* Sources */,
				C45787C723B5DA360069F401 /* Frameworks */,
				C45787C823B5DA360069F401 /* Resources */,
			);
			buildRules = (
			);
			dependencies = (
				C45787CC23B5DA360069F401 /* PBXTargetDependency */,
			);
			name = GitTestUITests;
			productName = GitTestUITests;
			productReference = C45787CA23B5DA360069F401 /* GitTestUITests.xctest */;
			productType = "com.apple.product-type.bundle.ui-testing";
		};
/* End PBXNativeTarget section */

/* Begin PBXProject section */
		C45787A123B5DA330069F401 /* Project object */ = {
			isa = PBXProject;
			attributes = {
				LastSwiftUpdateCheck = 1130;
				LastUpgradeCheck = 1130;
				ORGANIZATIONNAME = finports_dev;
				TargetAttributes = {
					C45787A823B5DA330069F401 = {
						CreatedOnToolsVersion = 11.3;
					};
					C45787BE23B5DA350069F401 = {
						CreatedOnToolsVersion = 11.3;
						TestTargetID = C45787A823B5DA330069F401;
					};
					C45787C923B5DA360069F401 = {
						CreatedOnToolsVersion = 11.3;
						TestTargetID = C45787A823B5DA330069F401;
					};
				};
			};
			buildConfigurationList = C45787A423B5DA330069F401 /* Build configuration list for PBXProject "GitTest" */;
			compatibilityVersion = "Xcode 9.3";
			developmentRegion = en;
			hasScannedForEncodings = 0;
			knownRegions = (
				en,
				Base,
			);
			mainGroup = C45787A023B5DA330069F401;
			productRefGroup = C45787AA23B5DA330069F401 /* Products */;
			projectDirPath = "";
			projectRoot = "";
			targets = (
				C45787A823B5DA330069F401 /* GitTest */,
				C45787BE23B5DA350069F401 /* GitTestTests */,
				C45787C923B5DA360069F401 /* GitTestUITests */,
			);
		};
/* End PBXProject section */

/* Begin PBXResourcesBuildPhase section */
		C45787A723B5DA330069F401 /* Resources */ = {
			isa = PBXResourcesBuildPhase;
			buildActionMask = 2147483647;
			files = (
				C45787DD23B5ED5B0069F401 /* .swiftlint.yml in Resources */,
				C45787B923B5DA350069F401 /* LaunchScreen.storyboard in Resources */,
				C45787B623B5DA350069F401 /* Assets.xcassets in Resources */,
				C45787B423B5DA330069F401 /* Main.storyboard in Resources */,
			);
			runOnlyForDeploymentPostprocessing = 0;
		};
		C45787BD23B5DA350069F401 /* Resources */ = {
			isa = PBXResourcesBuildPhase;
			buildActionMask = 2147483647;
			files = (
			);
			runOnlyForDeploymentPostprocessing = 0;
		};
		C45787C823B5DA360069F401 /* Resources */ = {
			isa = PBXResourcesBuildPhase;
			buildActionMask = 2147483647;
			files = (
			);
			runOnlyForDeploymentPostprocessing = 0;
		};
/* End PBXResourcesBuildPhase section */

/* Begin PBXShellScriptBuildPhase section */
		4DBF3EB40B740C6B22ACCDB3 /* [CP] Check Pods Manifest.lock */ = {
			isa = PBXShellScriptBuildPhase;
			buildActionMask = 2147483647;
			files = (
			);
			inputFileListPaths = (
			);
			inputPaths = (
				"${PODS_PODFILE_DIR_PATH}/Podfile.lock",
				"${PODS_ROOT}/Manifest.lock",
			);
			name = "[CP] Check Pods Manifest.lock";
			outputFileListPaths = (
			);
			outputPaths = (
				"$(DERIVED_FILE_DIR)/Pods-GitTest-GitTestUITests-checkManifestLockResult.txt",
			);
			runOnlyForDeploymentPostprocessing = 0;
			shellPath = /bin/sh;
			shellScript = "diff \"${PODS_PODFILE_DIR_PATH}/Podfile.lock\" \"${PODS_ROOT}/Manifest.lock\" > /dev/null\nif [ $? != 0 ] ; then\n    # print error to STDERR\n    echo \"error: The sandbox is not in sync with the Podfile.lock. Run 'pod install' or update your CocoaPods installation.\" >&2\n    exit 1\nfi\n# This output is used by Xcode 'outputs' to avoid re-running this script phase.\necho \"SUCCESS\" > \"${SCRIPT_OUTPUT_FILE_0}\"\n";
			showEnvVarsInLog = 0;
		};
		6FDEE8A331EE9793DB42036D /* [CP] Check Pods Manifest.lock */ = {
			isa = PBXShellScriptBuildPhase;
			buildActionMask = 2147483647;
			files = (
			);
			inputFileListPaths = (
			);
			inputPaths = (
				"${PODS_PODFILE_DIR_PATH}/Podfile.lock",
				"${PODS_ROOT}/Manifest.lock",
			);
			name = "[CP] Check Pods Manifest.lock";
			outputFileListPaths = (
			);
			outputPaths = (
				"$(DERIVED_FILE_DIR)/Pods-GitTest-checkManifestLockResult.txt",
			);
			runOnlyForDeploymentPostprocessing = 0;
			shellPath = /bin/sh;
			shellScript = "diff \"${PODS_PODFILE_DIR_PATH}/Podfile.lock\" \"${PODS_ROOT}/Manifest.lock\" > /dev/null\nif [ $? != 0 ] ; then\n    # print error to STDERR\n    echo \"error: The sandbox is not in sync with the Podfile.lock. Run 'pod install' or update your CocoaPods installation.\" >&2\n    exit 1\nfi\n# This output is used by Xcode 'outputs' to avoid re-running this script phase.\necho \"SUCCESS\" > \"${SCRIPT_OUTPUT_FILE_0}\"\n";
			showEnvVarsInLog = 0;
		};
		902EBA8B43CC5B4027F3D7F0 /* [CP] Check Pods Manifest.lock */ = {
			isa = PBXShellScriptBuildPhase;
			buildActionMask = 2147483647;
			files = (
			);
			inputFileListPaths = (
			);
			inputPaths = (
				"${PODS_PODFILE_DIR_PATH}/Podfile.lock",
				"${PODS_ROOT}/Manifest.lock",
			);
			name = "[CP] Check Pods Manifest.lock";
			outputFileListPaths = (
			);
			outputPaths = (
				"$(DERIVED_FILE_DIR)/Pods-GitTestTests-checkManifestLockResult.txt",
			);
			runOnlyForDeploymentPostprocessing = 0;
			shellPath = /bin/sh;
			shellScript = "diff \"${PODS_PODFILE_DIR_PATH}/Podfile.lock\" \"${PODS_ROOT}/Manifest.lock\" > /dev/null\nif [ $? != 0 ] ; then\n    # print error to STDERR\n    echo \"error: The sandbox is not in sync with the Podfile.lock. Run 'pod install' or update your CocoaPods installation.\" >&2\n    exit 1\nfi\n# This output is used by Xcode 'outputs' to avoid re-running this script phase.\necho \"SUCCESS\" > \"${SCRIPT_OUTPUT_FILE_0}\"\n";
			showEnvVarsInLog = 0;
		};
		C45787DE23B5EE2C0069F401 /* ShellScript */ = {
			isa = PBXShellScriptBuildPhase;
			buildActionMask = 2147483647;
			files = (
			);
			inputFileListPaths = (
			);
			inputPaths = (
			);
			outputFileListPaths = (
			);
			outputPaths = (
			);
			runOnlyForDeploymentPostprocessing = 0;
			shellPath = /bin/sh;
			shellScript = "\"${PODS_ROOT}/SwiftLint/swiftlint\"\n";
		};
/* End PBXShellScriptBuildPhase section */

/* Begin PBXSourcesBuildPhase section */
		C45787A523B5DA330069F401 /* Sources */ = {
			isa = PBXSourcesBuildPhase;
			buildActionMask = 2147483647;
			files = (
				C45787B123B5DA330069F401 /* ViewController.swift in Sources */,
				C45787AD23B5DA330069F401 /* AppDelegate.swift in Sources */,
				C45787AF23B5DA330069F401 /* SceneDelegate.swift in Sources */,
			);
			runOnlyForDeploymentPostprocessing = 0;
		};
		C45787BB23B5DA350069F401 /* Sources */ = {
			isa = PBXSourcesBuildPhase;
			buildActionMask = 2147483647;
			files = (
				C45787C423B5DA360069F401 /* GitTestTests.swift in Sources */,
			);
			runOnlyForDeploymentPostprocessing = 0;
		};
		C45787C623B5DA360069F401 /* Sources */ = {
			isa = PBXSourcesBuildPhase;
			buildActionMask = 2147483647;
			files = (
				C45787CF23B5DA360069F401 /* GitTestUITests.swift in Sources */,
			);
			runOnlyForDeploymentPostprocessing = 0;
		};
/* End PBXSourcesBuildPhase section */

/* Begin PBXTargetDependency section */
		C45787C123B5DA350069F401 /* PBXTargetDependency */ = {
			isa = PBXTargetDependency;
			target = C45787A823B5DA330069F401 /* GitTest */;
			targetProxy = C45787C023B5DA350069F401 /* PBXContainerItemProxy */;
		};
		C45787CC23B5DA360069F401 /* PBXTargetDependency */ = {
			isa = PBXTargetDependency;
			target = C45787A823B5DA330069F401 /* GitTest */;
			targetProxy = C45787CB23B5DA360069F401 /* PBXContainerItemProxy */;
		};
/* End PBXTargetDependency section */

/* Begin PBXVariantGroup section */
		C45787B223B5DA330069F401 /* Main.storyboard */ = {
			isa = PBXVariantGroup;
			children = (
				C45787B323B5DA330069F401 /* Base */,
			);
			name = Main.storyboard;
			sourceTree = "<group>";
		};
		C45787B723B5DA350069F401 /* LaunchScreen.storyboard */ = {
			isa = PBXVariantGroup;
			children = (
				C45787B823B5DA350069F401 /* Base */,
			);
			name = LaunchScreen.storyboard;
			sourceTree = "<group>";
		};
/* End PBXVariantGroup section */

/* Begin XCBuildConfiguration section */
		C45787D123B5DA360069F401 /* Debug */ = {
			isa = XCBuildConfiguration;
			buildSettings = {
				ALWAYS_SEARCH_USER_PATHS = NO;
				CLANG_ANALYZER_NONNULL = YES;
				CLANG_ANALYZER_NUMBER_OBJECT_CONVERSION = YES_AGGRESSIVE;
				CLANG_CXX_LANGUAGE_STANDARD = "gnu++14";
				CLANG_CXX_LIBRARY = "libc++";
				CLANG_ENABLE_MODULES = YES;
				CLANG_ENABLE_OBJC_ARC = YES;
				CLANG_ENABLE_OBJC_WEAK = YES;
				CLANG_WARN_BLOCK_CAPTURE_AUTORELEASING = YES;
				CLANG_WARN_BOOL_CONVERSION = YES;
				CLANG_WARN_COMMA = YES;
				CLANG_WARN_CONSTANT_CONVERSION = YES;
				CLANG_WARN_DEPRECATED_OBJC_IMPLEMENTATIONS = YES;
				CLANG_WARN_DIRECT_OBJC_ISA_USAGE = YES_ERROR;
				CLANG_WARN_DOCUMENTATION_COMMENTS = YES;
				CLANG_WARN_EMPTY_BODY = YES;
				CLANG_WARN_ENUM_CONVERSION = YES;
				CLANG_WARN_INFINITE_RECURSION = YES;
				CLANG_WARN_INT_CONVERSION = YES;
				CLANG_WARN_NON_LITERAL_NULL_CONVERSION = YES;
				CLANG_WARN_OBJC_IMPLICIT_RETAIN_SELF = YES;
				CLANG_WARN_OBJC_LITERAL_CONVERSION = YES;
				CLANG_WARN_OBJC_ROOT_CLASS = YES_ERROR;
				CLANG_WARN_RANGE_LOOP_ANALYSIS = YES;
				CLANG_WARN_STRICT_PROTOTYPES = YES;
				CLANG_WARN_SUSPICIOUS_MOVE = YES;
				CLANG_WARN_UNGUARDED_AVAILABILITY = YES_AGGRESSIVE;
				CLANG_WARN_UNREACHABLE_CODE = YES;
				CLANG_WARN__DUPLICATE_METHOD_MATCH = YES;
				COPY_PHASE_STRIP = NO;
				DEBUG_INFORMATION_FORMAT = dwarf;
				ENABLE_STRICT_OBJC_MSGSEND = YES;
				ENABLE_TESTABILITY = YES;
				GCC_C_LANGUAGE_STANDARD = gnu11;
				GCC_DYNAMIC_NO_PIC = NO;
				GCC_NO_COMMON_BLOCKS = YES;
				GCC_OPTIMIZATION_LEVEL = 0;
				GCC_PREPROCESSOR_DEFINITIONS = (
					"DEBUG=1",
					"$(inherited)",
				);
				GCC_WARN_64_TO_32_BIT_CONVERSION = YES;
				GCC_WARN_ABOUT_RETURN_TYPE = YES_ERROR;
				GCC_WARN_UNDECLARED_SELECTOR = YES;
				GCC_WARN_UNINITIALIZED_AUTOS = YES_AGGRESSIVE;
				GCC_WARN_UNUSED_FUNCTION = YES;
				GCC_WARN_UNUSED_VARIABLE = YES;
				IPHONEOS_DEPLOYMENT_TARGET = 13.2;
				MTL_ENABLE_DEBUG_INFO = INCLUDE_SOURCE;
				MTL_FAST_MATH = YES;
				ONLY_ACTIVE_ARCH = YES;
				SDKROOT = iphoneos;
				SWIFT_ACTIVE_COMPILATION_CONDITIONS = DEBUG;
				SWIFT_OPTIMIZATION_LEVEL = "-Onone";
			};
			name = Debug;
		};
		C45787D223B5DA360069F401 /* Release */ = {
			isa = XCBuildConfiguration;
			buildSettings = {
				ALWAYS_SEARCH_USER_PATHS = NO;
				CLANG_ANALYZER_NONNULL = YES;
				CLANG_ANALYZER_NUMBER_OBJECT_CONVERSION = YES_AGGRESSIVE;
				CLANG_CXX_LANGUAGE_STANDARD = "gnu++14";
				CLANG_CXX_LIBRARY = "libc++";
				CLANG_ENABLE_MODULES = YES;
				CLANG_ENABLE_OBJC_ARC = YES;
				CLANG_ENABLE_OBJC_WEAK = YES;
				CLANG_WARN_BLOCK_CAPTURE_AUTORELEASING = YES;
				CLANG_WARN_BOOL_CONVERSION = YES;
				CLANG_WARN_COMMA = YES;
				CLANG_WARN_CONSTANT_CONVERSION = YES;
				CLANG_WARN_DEPRECATED_OBJC_IMPLEMENTATIONS = YES;
				CLANG_WARN_DIRECT_OBJC_ISA_USAGE = YES_ERROR;
				CLANG_WARN_DOCUMENTATION_COMMENTS = YES;
				CLANG_WARN_EMPTY_BODY = YES;
				CLANG_WARN_ENUM_CONVERSION = YES;
				CLANG_WARN_INFINITE_RECURSION = YES;
				CLANG_WARN_INT_CONVERSION = YES;
				CLANG_WARN_NON_LITERAL_NULL_CONVERSION = YES;
				CLANG_WARN_OBJC_IMPLICIT_RETAIN_SELF = YES;
				CLANG_WARN_OBJC_LITERAL_CONVERSION = YES;
				CLANG_WARN_OBJC_ROOT_CLASS = YES_ERROR;
				CLANG_WARN_RANGE_LOOP_ANALYSIS = YES;
				CLANG_WARN_STRICT_PROTOTYPES = YES;
				CLANG_WARN_SUSPICIOUS_MOVE = YES;
				CLANG_WARN_UNGUARDED_AVAILABILITY = YES_AGGRESSIVE;
				CLANG_WARN_UNREACHABLE_CODE = YES;
				CLANG_WARN__DUPLICATE_METHOD_MATCH = YES;
				COPY_PHASE_STRIP = NO;
				DEBUG_INFORMATION_FORMAT = "dwarf-with-dsym";
				ENABLE_NS_ASSERTIONS = NO;
				ENABLE_STRICT_OBJC_MSGSEND = YES;
				GCC_C_LANGUAGE_STANDARD = gnu11;
				GCC_NO_COMMON_BLOCKS = YES;
				GCC_WARN_64_TO_32_BIT_CONVERSION = YES;
				GCC_WARN_ABOUT_RETURN_TYPE = YES_ERROR;
				GCC_WARN_UNDECLARED_SELECTOR = YES;
				GCC_WARN_UNINITIALIZED_AUTOS = YES_AGGRESSIVE;
				GCC_WARN_UNUSED_FUNCTION = YES;
				GCC_WARN_UNUSED_VARIABLE = YES;
				IPHONEOS_DEPLOYMENT_TARGET = 13.2;
				MTL_ENABLE_DEBUG_INFO = NO;
				MTL_FAST_MATH = YES;
				SDKROOT = iphoneos;
				SWIFT_COMPILATION_MODE = wholemodule;
				SWIFT_OPTIMIZATION_LEVEL = "-O";
				VALIDATE_PRODUCT = YES;
			};
			name = Release;
		};
		C45787D423B5DA360069F401 /* Debug */ = {
			isa = XCBuildConfiguration;
			baseConfigurationReference = 04DA0B9C7D376C10A97D4996 /* Pods-GitTest.debug.xcconfig */;
			buildSettings = {
				ASSETCATALOG_COMPILER_APPICON_NAME = AppIcon;
				CODE_SIGN_STYLE = Automatic;
				DEVELOPMENT_TEAM = N7MH6464ZN;
				INFOPLIST_FILE = GitTest/Info.plist;
				LD_RUNPATH_SEARCH_PATHS = (
					"$(inherited)",
					"@executable_path/Frameworks",
				);
				PRODUCT_BUNDLE_IDENTIFIER = com.finports.GitTest;
				PRODUCT_NAME = "$(TARGET_NAME)";
				SWIFT_VERSION = 5.0;
				TARGETED_DEVICE_FAMILY = "1,2";
			};
			name = Debug;
		};
		C45787D523B5DA360069F401 /* Release */ = {
			isa = XCBuildConfiguration;
			baseConfigurationReference = 9D424BE1E5E28CCFAC943F92 /* Pods-GitTest.release.xcconfig */;
			buildSettings = {
				ASSETCATALOG_COMPILER_APPICON_NAME = AppIcon;
				CODE_SIGN_STYLE = Automatic;
				DEVELOPMENT_TEAM = N7MH6464ZN;
				INFOPLIST_FILE = GitTest/Info.plist;
				LD_RUNPATH_SEARCH_PATHS = (
					"$(inherited)",
					"@executable_path/Frameworks",
				);
				PRODUCT_BUNDLE_IDENTIFIER = com.finports.GitTest;
				PRODUCT_NAME = "$(TARGET_NAME)";
				SWIFT_VERSION = 5.0;
				TARGETED_DEVICE_FAMILY = "1,2";
			};
			name = Release;
		};
		C45787D723B5DA360069F401 /* Debug */ = {
			isa = XCBuildConfiguration;
			baseConfigurationReference = D949895A4D30890E66614ECA /* Pods-GitTestTests.debug.xcconfig */;
			buildSettings = {
				ALWAYS_EMBED_SWIFT_STANDARD_LIBRARIES = YES;
				BUNDLE_LOADER = "$(TEST_HOST)";
				CODE_SIGN_STYLE = Automatic;
				DEVELOPMENT_TEAM = N7MH6464ZN;
				INFOPLIST_FILE = GitTestTests/Info.plist;
				IPHONEOS_DEPLOYMENT_TARGET = 13.2;
				LD_RUNPATH_SEARCH_PATHS = (
					"$(inherited)",
					"@executable_path/Frameworks",
					"@loader_path/Frameworks",
				);
				PRODUCT_BUNDLE_IDENTIFIER = com.finports.GitTestTests;
				PRODUCT_NAME = "$(TARGET_NAME)";
				SWIFT_VERSION = 5.0;
				TARGETED_DEVICE_FAMILY = "1,2";
				TEST_HOST = "$(BUILT_PRODUCTS_DIR)/GitTest.app/GitTest";
			};
			name = Debug;
		};
		C45787D823B5DA360069F401 /* Release */ = {
			isa = XCBuildConfiguration;
			baseConfigurationReference = 16DA47A5F172DAA8A5D66722 /* Pods-GitTestTests.release.xcconfig */;
			buildSettings = {
				ALWAYS_EMBED_SWIFT_STANDARD_LIBRARIES = YES;
				BUNDLE_LOADER = "$(TEST_HOST)";
				CODE_SIGN_STYLE = Automatic;
				DEVELOPMENT_TEAM = N7MH6464ZN;
				INFOPLIST_FILE = GitTestTests/Info.plist;
				IPHONEOS_DEPLOYMENT_TARGET = 13.2;
				LD_RUNPATH_SEARCH_PATHS = (
					"$(inherited)",
					"@executable_path/Frameworks",
					"@loader_path/Frameworks",
				);
				PRODUCT_BUNDLE_IDENTIFIER = com.finports.GitTestTests;
				PRODUCT_NAME = "$(TARGET_NAME)";
				SWIFT_VERSION = 5.0;
				TARGETED_DEVICE_FAMILY = "1,2";
				TEST_HOST = "$(BUILT_PRODUCTS_DIR)/GitTest.app/GitTest";
			};
			name = Release;
		};
		C45787DA23B5DA360069F401 /* Debug */ = {
			isa = XCBuildConfiguration;
			baseConfigurationReference = DE0E8E69A2C012894FD745A3 /* Pods-GitTest-GitTestUITests.debug.xcconfig */;
			buildSettings = {
				ALWAYS_EMBED_SWIFT_STANDARD_LIBRARIES = YES;
				CODE_SIGN_STYLE = Automatic;
				DEVELOPMENT_TEAM = N7MH6464ZN;
				INFOPLIST_FILE = GitTestUITests/Info.plist;
				LD_RUNPATH_SEARCH_PATHS = (
					"$(inherited)",
					"@executable_path/Frameworks",
					"@loader_path/Frameworks",
				);
				PRODUCT_BUNDLE_IDENTIFIER = com.finports.GitTestUITests;
				PRODUCT_NAME = "$(TARGET_NAME)";
				SWIFT_VERSION = 5.0;
				TARGETED_DEVICE_FAMILY = "1,2";
				TEST_TARGET_NAME = GitTest;
			};
			name = Debug;
		};
		C45787DB23B5DA360069F401 /* Release */ = {
			isa = XCBuildConfiguration;
			baseConfigurationReference = 6A51DDB369CBFCBE9D890380 /* Pods-GitTest-GitTestUITests.release.xcconfig */;
			buildSettings = {
				ALWAYS_EMBED_SWIFT_STANDARD_LIBRARIES = YES;
				CODE_SIGN_STYLE = Automatic;
				DEVELOPMENT_TEAM = N7MH6464ZN;
				INFOPLIST_FILE = GitTestUITests/Info.plist;
				LD_RUNPATH_SEARCH_PATHS = (
					"$(inherited)",
					"@executable_path/Frameworks",
					"@loader_path/Frameworks",
				);
				PRODUCT_BUNDLE_IDENTIFIER = com.finports.GitTestUITests;
				PRODUCT_NAME = "$(TARGET_NAME)";
				SWIFT_VERSION = 5.0;
				TARGETED_DEVICE_FAMILY = "1,2";
				TEST_TARGET_NAME = GitTest;
			};
			name = Release;
		};
/* End XCBuildConfiguration section */

/* Begin XCConfigurationList section */
		C45787A423B5DA330069F401 /* Build configuration list for PBXProject "GitTest" */ = {
			isa = XCConfigurationList;
			buildConfigurations = (
				C45787D123B5DA360069F401 /* Debug */,
				C45787D223B5DA360069F401 /* Release */,
			);
			defaultConfigurationIsVisible = 0;
			defaultConfigurationName = Release;
		};
		C45787D323B5DA360069F401 /* Build configuration list for PBXNativeTarget "GitTest" */ = {
			isa = XCConfigurationList;
			buildConfigurations = (
				C45787D423B5DA360069F401 /* Debug */,
				C45787D523B5DA360069F401 /* Release */,
			);
			defaultConfigurationIsVisible = 0;
			defaultConfigurationName = Release;
		};
		C45787D623B5DA360069F401 /* Build configuration list for PBXNativeTarget "GitTestTests" */ = {
			isa = XCConfigurationList;
			buildConfigurations = (
				C45787D723B5DA360069F401 /* Debug */,
				C45787D823B5DA360069F401 /* Release */,
			);
			defaultConfigurationIsVisible = 0;
			defaultConfigurationName = Release;
		};
		C45787D923B5DA360069F401 /* Build configuration list for PBXNativeTarget "GitTestUITests" */ = {
			isa = XCConfigurationList;
			buildConfigurations = (
				C45787DA23B5DA360069F401 /* Debug */,
				C45787DB23B5DA360069F401 /* Release */,
			);
			defaultConfigurationIsVisible = 0;
			defaultConfigurationName = Release;
		};
/* End XCConfigurationList section */
	};
	rootObject = C45787A123B5DA330069F401 /* Project object */;
}
