// !$*UTF8*$!
{
	archiveVersion = 1;
	classes = {
	};
	objectVersion = 50;
	objects = {

/* Begin PBXBuildFile section */
		C45787AD23B5DA330069F401 /* AppDelegate.swift in Sources */ = {isa = PBXBuildFile; fileRef = C45787AC23B5DA330069F401 /* AppDelegate.swift */; };
		C45787AF23B5DA330069F401 /* SceneDelegate.swift in Sources */ = {isa = PBXBuildFile; fileRef = C45787AE23B5DA330069F401 /* SceneDelegate.swift */; };
		C45787B123B5DA330069F401 /* ViewController.swift in Sources */ = {isa = PBXBuildFile; fileRef = C45787B023B5DA330069F401 /* ViewController.swift */; };
		C45787B423B5DA330069F401 /* Main.storyboard in Resources */ = {isa = PBXBuildFile; fileRef = C45787B223B5DA330069F401 /* Main.storyboard */; };
		C45787B623B5DA350069F401 /* Assets.xcassets in Resources */ = {isa = PBXBuildFile; fileRef = C45787B523B5DA350069F401 /* Assets.xcassets */; };
		C45787B923B5DA350069F401 /* LaunchScreen.storyboard in Resources */ = {isa = PBXBuildFile; fileRef = C45787B723B5DA350069F401 /* LaunchScreen.storyboard */; };
		C45787C423B5DA360069F401 /* GitTestTests.swift in Sources */ = {isa = PBXBuildFile; fileRef = C45787C323B5DA360069F401 /* GitTestTests.swift */; };
		C45787CF23B5DA360069F401 /* GitTestUITests.swift in Sources */ = {isa = PBXBuildFile; fileRef = C45787CE23B5DA360069F401 /* GitTestUITests.swift */; };
/* End PBXBuildFile section */

/* Begin PBXContainerItemProxy section */
		C45787C023B5DA350069F401 /* PBXContainerItemProxy */ = {
			isa = PBXContainerItemProxy;
			containerPortal = C45787A123B5DA330069F401 /* Project object */;
			proxyType = 1;
			remoteGlobalIDString = C45787A823B5DA330069F401;
			remoteInfo = GitTest;
		};
		C45787CB23B5DA360069F401 /* PBXContainerItemProxy */ = {
			isa = PBXContainerItemProxy;
			containerPortal = C45787A123B5DA330069F401 /* Project object */;
			proxyType = 1;
			remoteGlobalIDString = C45787A823B5DA330069F401;
			remoteInfo = GitTest;
		};
/* End PBXContainerItemProxy section */

/* Begin PBXFileReference section */
		C45787A923B5DA330069F401 /* GitTest.app */ = {isa = PBXFileReference; explicitFileType = wrapper.application; includeInIndex = 0; path = GitTest.app; sourceTree = BUILT_PRODUCTS_DIR; };
		C45787AC23B5DA330069F401 /* AppDelegate.swift */ = {isa = PBXFileReference; lastKnownFileType = sourcecode.swift; path = AppDelegate.swift; sourceTree = "<group>"; };
		C45787AE23B5DA330069F401 /* SceneDelegate.swift */ = {isa = PBXFileReference; lastKnownFileType = sourcecode.swift; path = SceneDelegate.swift; sourceTree = "<group>"; };
		C45787B023B5DA330069F401 /* ViewController.swift */ = {isa = PBXFileReference; lastKnownFileType = sourcecode.swift; path = ViewController.swift; sourceTree = "<group>"; };
		C45787B323B5DA330069F401 /* Base */ = {isa = PBXFileReference; lastKnownFileType = file.storyboard; name = Base; path = Base.lproj/Main.storyboard; sourceTree = "<group>"; };
		C45787B523B5DA350069F401 /* Assets.xcassets */ = {isa = PBXFileReference; lastKnownFileType = folder.assetcatalog; path = Assets.xcassets; sourceTree = "<group>"; };
		C45787B823B5DA350069F401 /* Base */ = {isa = PBXFileReference; lastKnownFileType = file.storyboard; name = Base; path = Base.lproj/LaunchScreen.storyboard; sourceTree = "<group>"; };
		C45787BA23B5DA350069F401 /* Info.plist */ = {isa = PBXFileReference; lastKnownFileType = text.plist.xml; path = Info.plist; sourceTree = "<group>"; };
		C45787BF23B5DA350069F401 /* GitTestTests.xctest */ = {isa = PBXFileReference; explicitFileType = wrapper.cfbundle; includeInIndex = 0; path = GitTestTests.xctest; sourceTree = BUILT_PRODUCTS_DIR; };
		C45787C323B5DA360069F401 /* GitTestTests.swift */ = {isa = PBXFileReference; lastKnownFileType = sourcecode.swift; path = GitTestTests.swift; sourceTree = "<group>"; };
		C45787C523B5DA360069F401 /* Info.plist */ = {isa = PBXFileReference; lastKnownFileType = text.plist.xml; path = Info.plist; sourceTree = "<group>"; };
		C45787CA23B5DA360069F401 /* GitTestUITests.xctest */ = {isa = PBXFileReference; explicitFileType = wrapper.cfbundle; includeInIndex = 0; path = GitTestUITests.xctest; sourceTree = BUILT_PRODUCTS_DIR; };
		C45787CE23B5DA360069F401 /* GitTestUITests.swift */ = {isa = PBXFileReference; lastKnownFileType = sourcecode.swift; path = GitTestUITests.swift; sourceTree = "<group>"; };
		C45787D023B5DA360069F401 /* Info.plist */ = {isa = PBXFileReference; lastKnownFileType = text.plist.xml; path = Info.plist; sourceTree = "<group>"; };
/* End PBXFileReference section */

/* Begin PBXFrameworksBuildPhase section */
		C45787A623B5DA330069F401 /* Frameworks */ = {
			isa = PBXFrameworksBuildPhase;
			buildActionMask = 2147483647;
			files = (
			);
			runOnlyForDeploymentPostprocessing = 0;
		};
		C45787BC23B5DA350069F401 /* Frameworks */ = {
			isa = PBXFrameworksBuildPhase;
			buildActionMask = 2147483647;
			files = (
			);
			runOnlyForDeploymentPostprocessing = 0;
		};
		C45787C723B5DA360069F401 /* Frameworks */ = {
			isa = PBXFrameworksBuildPhase;
			buildActionMask = 2147483647;
			files = (
			);
			runOnlyForDeploymentPostprocessing = 0;
		};
/* End PBXFrameworksBuildPhase section */

/* Begin PBXGroup section */
		C45787A023B5DA330069F401 = {
			isa = PBXGroup;
			children = (
				C45787AB23B5DA330069F401 /* GitTest */,
				C45787C223B5DA360069F401 /* GitTestTests */,
				C45787CD23B5DA360069F401 /* GitTestUITests */,
				C45787AA23B5DA330069F401 /* Products */,
			);
			sourceTree = "<group>";
		};
		C45787AA23B5DA330069F401 /* Products */ = {
			isa = PBXGroup;
			children = (
				C45787A923B5DA330069F401 /* GitTest.app */,
				C45787BF23B5DA350069F401 /* GitTestTests.xctest */,
				C45787CA23B5DA360069F401 /* GitTestUITests.xctest */,
			);
			name = Products;
			sourceTree = "<group>";
		};
		C45787AB23B5DA330069F401 /* GitTest */ = {
			isa = PBXGroup;
			children = (
				C45787AC23B5DA330069F401 /* AppDelegate.swift */,
				C45787AE23B5DA330069F401 /* SceneDelegate.swift */,
				C45787B023B5DA330069F401 /* ViewController.swift */,
				C45787B223B5DA330069F401 /* Main.storyboard */,
				C45787B523B5DA350069F401 /* Assets.xcassets */,
				C45787B723B5DA350069F401 /* LaunchScreen.storyboard */,
				C45787BA23B5DA350069F401 /* Info.plist */,
			);
			path = GitTest;
			sourceTree = "<group>";
		};
		C45787C223B5DA360069F401 /* GitTestTests */ = {
			isa = PBXGroup;
			children = (
				C45787C323B5DA360069F401 /* GitTestTests.swift */,
				C45787C523B5DA360069F401 /* Info.plist */,
			);
			path = GitTestTests;
			sourceTree = "<group>";
		};
		C45787CD23B5DA360069F401 /* GitTestUITests */ = {
			isa = PBXGroup;
			children = (
				C45787CE23B5DA360069F401 /* GitTestUITests.swift */,
				C45787D023B5DA360069F401 /* Info.plist */,
			);
			path = GitTestUITests;
			sourceTree = "<group>";
		};
/* End PBXGroup section */

/* Begin PBXNativeTarget section */
		C45787A823B5DA330069F401 /* GitTest */ = {
			isa = PBXNativeTarget;
			buildConfigurationList = C45787D323B5DA360069F401 /* Build configuration list for PBXNativeTarget "GitTest" */;
			buildPhases = (
				C45787A523B5DA330069F401 /* Sources */,
				C45787A623B5DA330069F401 /* Frameworks */,
				C45787A723B5DA330069F401 /* Resources */,
			);
			buildRules = (
			);
			dependencies = (
			);
			name = GitTest;
			productName = GitTest;
			productReference = C45787A923B5DA330069F401 /* GitTest.app */;
			productType = "com.apple.product-type.application";
		};
		C45787BE23B5DA350069F401 /* GitTestTests */ = {
			isa = PBXNativeTarget;
			buildConfigurationList = C45787D623B5DA360069F401 /* Build configuration list for PBXNativeTarget "GitTestTests" */;
			buildPhases = (
				C45787BB23B5DA350069F401 /* Sources */,
				C45787BC23B5DA350069F401 /* Frameworks */,
				C45787BD23B5DA350069F401 /* Resources */,
			);
			buildRules = (
			);
			dependencies = (
				C45787C123B5DA350069F401 /* PBXTargetDependency */,
			);
			name = GitTestTests;
			productName = GitTestTests;
			productReference = C45787BF23B5DA350069F401 /* GitTestTests.xctest */;
			productType = "com.apple.product-type.bundle.unit-test";
		};
		C45787C923B5DA360069F401 /* GitTestUITests */ = {
			isa = PBXNativeTarget;
			buildConfigurationList = C45787D923B5DA360069F401 /* Build configuration list for PBXNativeTarget "GitTestUITests" */;
			buildPhases = (
				C45787C623B5DA360069F401 /* Sources */,
				C45787C723B5DA360069F401 /* Frameworks */,
				C45787C823B5DA360069F401 /* Resources */,
			);
			buildRules = (
			);
			dependencies = (
				C45787CC23B5DA360069F401 /* PBXTargetDependency */,
			);
			name = GitTestUITests;
			productName = GitTestUITests;
			productReference = C45787CA23B5DA360069F401 /* GitTestUITests.xctest */;
			productType = "com.apple.product-type.bundle.ui-testing";
		};
/* End PBXNativeTarget section */

/* Begin PBXProject section */
		C45787A123B5DA330069F401 /* Project object */ = {
			isa = PBXProject;
			attributes = {
				LastSwiftUpdateCheck = 1130;
				LastUpgradeCheck = 1130;
				ORGANIZATIONNAME = finports_dev;
				TargetAttributes = {
					C45787A823B5DA330069F401 = {
						CreatedOnToolsVersion = 11.3;
					};
					C45787BE23B5DA350069F401 = {
						CreatedOnToolsVersion = 11.3;
						TestTargetID = C45787A823B5DA330069F401;
					};
					C45787C923B5DA360069F401 = {
						CreatedOnToolsVersion = 11.3;
						TestTargetID = C45787A823B5DA330069F401;
					};
				};
			};
			buildConfigurationList = C45787A423B5DA330069F401 /* Build configuration list for PBXProject "GitTest" */;
			compatibilityVersion = "Xcode 9.3";
			developmentRegion = en;
			hasScannedForEncodings = 0;
			knownRegions = (
				en,
				Base,
			);
			mainGroup = C45787A023B5DA330069F401;
			productRefGroup = C45787AA23B5DA330069F401 /* Products */;
			projectDirPath = "";
			projectRoot = "";
			targets = (
				C45787A823B5DA330069F401 /* GitTest */,
				C45787BE23B5DA350069F401 /* GitTestTests */,
				C45787C923B5DA360069F401 /* GitTestUITests */,
			);
		};
/* End PBXProject section */

/* Begin PBXResourcesBuildPhase section */
		C45787A723B5DA330069F401 /* Resources */ = {
			isa = PBXResourcesBuildPhase;
			buildActionMask = 2147483647;
			files = (
				C45787B923B5DA350069F401 /* LaunchScreen.storyboard in Resources */,
				C45787B623B5DA350069F401 /* Assets.xcassets in Resources */,
				C45787B423B5DA330069F401 /* Main.storyboard in Resources */,
			);
			runOnlyForDeploymentPostprocessing = 0;
		};
		C45787BD23B5DA350069F401 /* Resources */ = {
			isa = PBXResourcesBuildPhase;
			buildActionMask = 2147483647;
			files = (
			);
			runOnlyForDeploymentPostprocessing = 0;
		};
		C45787C823B5DA360069F401 /* Resources */ = {
			isa = PBXResourcesBuildPhase;
			buildActionMask = 2147483647;
			files = (
			);
			runOnlyForDeploymentPostprocessing = 0;
		};
/* End PBXResourcesBuildPhase section */

/* Begin PBXSourcesBuildPhase section */
		C45787A523B5DA330069F401 /* Sources */ = {
			isa = PBXSourcesBuildPhase;
			buildActionMask = 2147483647;
			files = (
				C45787B123B5DA330069F401 /* ViewController.swift in Sources */,
				C45787AD23B5DA330069F401 /* AppDelegate.swift in Sources */,
				C45787AF23B5DA330069F401 /* SceneDelegate.swift in Sources */,
			);
			runOnlyForDeploymentPostprocessing = 0;
		};
		C45787BB23B5DA350069F401 /* Sources */ = {
			isa = PBXSourcesBuildPhase;
			buildActionMask = 2147483647;
			files = (
				C45787C423B5DA360069F401 /* GitTestTests.swift in Sources */,
			);
			runOnlyForDeploymentPostprocessing = 0;
		};
		C45787C623B5DA360069F401 /* Sources */ = {
			isa = PBXSourcesBuildPhase;
			buildActionMask = 2147483647;
			files = (
				C45787CF23B5DA360069F401 /* GitTestUITests.swift in Sources */,
			);
			runOnlyForDeploymentPostprocessing = 0;
		};
/* End PBXSourcesBuildPhase section */

/* Begin PBXTargetDependency section */
		C45787C123B5DA350069F401 /* PBXTargetDependency */ = {
			isa = PBXTargetDependency;
			target = C45787A823B5DA330069F401 /* GitTest */;
			targetProxy = C45787C023B5DA350069F401 /* PBXContainerItemProxy */;
		};
		C45787CC23B5DA360069F401 /* PBXTargetDependency */ = {
			isa = PBXTargetDependency;
			target = C45787A823B5DA330069F401 /* GitTest */;
			targetProxy = C45787CB23B5DA360069F401 /* PBXContainerItemProxy */;
		};
/* End PBXTargetDependency section */

/* Begin PBXVariantGroup section */
		C45787B223B5DA330069F401 /* Main.storyboard */ = {
			isa = PBXVariantGroup;
			children = (
				C45787B323B5DA330069F401 /* Base */,
			);
			name = Main.storyboard;
			sourceTree = "<group>";
		};
		C45787B723B5DA350069F401 /* LaunchScreen.storyboard */ = {
			isa = PBXVariantGroup;
			children = (
				C45787B823B5DA350069F401 /* Base */,
			);
			name = LaunchScreen.storyboard;
			sourceTree = "<group>";
		};
/* End PBXVariantGroup section */

/* Begin XCBuildConfiguration section */
		C45787D123B5DA360069F401 /* Debug */ = {
			isa = XCBuildConfiguration;
			buildSettings = {
				ALWAYS_SEARCH_USER_PATHS = NO;
				CLANG_ANALYZER_NONNULL = YES;
				CLANG_ANALYZER_NUMBER_OBJECT_CONVERSION = YES_AGGRESSIVE;
				CLANG_CXX_LANGUAGE_STANDARD = "gnu++14";
				CLANG_CXX_LIBRARY = "libc++";
				CLANG_ENABLE_MODULES = YES;
				CLANG_ENABLE_OBJC_ARC = YES;
				CLANG_ENABLE_OBJC_WEAK = YES;
				CLANG_WARN_BLOCK_CAPTURE_AUTORELEASING = YES;
				CLANG_WARN_BOOL_CONVERSION = YES;
				CLANG_WARN_COMMA = YES;
				CLANG_WARN_CONSTANT_CONVERSION = YES;
				CLANG_WARN_DEPRECATED_OBJC_IMPLEMENTATIONS = YES;
				CLANG_WARN_DIRECT_OBJC_ISA_USAGE = YES_ERROR;
				CLANG_WARN_DOCUMENTATION_COMMENTS = YES;
				CLANG_WARN_EMPTY_BODY = YES;
				CLANG_WARN_ENUM_CONVERSION = YES;
				CLANG_WARN_INFINITE_RECURSION = YES;
				CLANG_WARN_INT_CONVERSION = YES;
				CLANG_WARN_NON_LITERAL_NULL_CONVERSION = YES;
				CLANG_WARN_OBJC_IMPLICIT_RETAIN_SELF = YES;
				CLANG_WARN_OBJC_LITERAL_CONVERSION = YES;
				CLANG_WARN_OBJC_ROOT_CLASS = YES_ERROR;
				CLANG_WARN_RANGE_LOOP_ANALYSIS = YES;
				CLANG_WARN_STRICT_PROTOTYPES = YES;
				CLANG_WARN_SUSPICIOUS_MOVE = YES;
				CLANG_WARN_UNGUARDED_AVAILABILITY = YES_AGGRESSIVE;
				CLANG_WARN_UNREACHABLE_CODE = YES;
				CLANG_WARN__DUPLICATE_METHOD_MATCH = YES;
				COPY_PHASE_STRIP = NO;
				DEBUG_INFORMATION_FORMAT = dwarf;
				ENABLE_STRICT_OBJC_MSGSEND = YES;
				ENABLE_TESTABILITY = YES;
				GCC_C_LANGUAGE_STANDARD = gnu11;
				GCC_DYNAMIC_NO_PIC = NO;
				GCC_NO_COMMON_BLOCKS = YES;
				GCC_OPTIMIZATION_LEVEL = 0;
				GCC_PREPROCESSOR_DEFINITIONS = (
					"DEBUG=1",
					"$(inherited)",
				);
				GCC_WARN_64_TO_32_BIT_CONVERSION = YES;
				GCC_WARN_ABOUT_RETURN_TYPE = YES_ERROR;
				GCC_WARN_UNDECLARED_SELECTOR = YES;
				GCC_WARN_UNINITIALIZED_AUTOS = YES_AGGRESSIVE;
				GCC_WARN_UNUSED_FUNCTION = YES;
				GCC_WARN_UNUSED_VARIABLE = YES;
				IPHONEOS_DEPLOYMENT_TARGET = 13.2;
				MTL_ENABLE_DEBUG_INFO = INCLUDE_SOURCE;
				MTL_FAST_MATH = YES;
				ONLY_ACTIVE_ARCH = YES;
				SDKROOT = iphoneos;
				SWIFT_ACTIVE_COMPILATION_CONDITIONS = DEBUG;
				SWIFT_OPTIMIZATION_LEVEL = "-Onone";
			};
			name = Debug;
		};
		C45787D223B5DA360069F401 /* Release */ = {
			isa = XCBuildConfiguration;
			buildSettings = {
				ALWAYS_SEARCH_USER_PATHS = NO;
				CLANG_ANALYZER_NONNULL = YES;
				CLANG_ANALYZER_NUMBER_OBJECT_CONVERSION = YES_AGGRESSIVE;
				CLANG_CXX_LANGUAGE_STANDARD = "gnu++14";
				CLANG_CXX_LIBRARY = "libc++";
				CLANG_ENABLE_MODULES = YES;
				CLANG_ENABLE_OBJC_ARC = YES;
				CLANG_ENABLE_OBJC_WEAK = YES;
				CLANG_WARN_BLOCK_CAPTURE_AUTORELEASING = YES;
				CLANG_WARN_BOOL_CONVERSION = YES;
				CLANG_WARN_COMMA = YES;
				CLANG_WARN_CONSTANT_CONVERSION = YES;
				CLANG_WARN_DEPRECATED_OBJC_IMPLEMENTATIONS = YES;
				CLANG_WARN_DIRECT_OBJC_ISA_USAGE = YES_ERROR;
				CLANG_WARN_DOCUMENTATION_COMMENTS = YES;
				CLANG_WARN_EMPTY_BODY = YES;
				CLANG_WARN_ENUM_CONVERSION = YES;
				CLANG_WARN_INFINITE_RECURSION = YES;
				CLANG_WARN_INT_CONVERSION = YES;
				CLANG_WARN_NON_LITERAL_NULL_CONVERSION = YES;
				CLANG_WARN_OBJC_IMPLICIT_RETAIN_SELF = YES;
				CLANG_WARN_OBJC_LITERAL_CONVERSION = YES;
				CLANG_WARN_OBJC_ROOT_CLASS = YES_ERROR;
				CLANG_WARN_RANGE_LOOP_ANALYSIS = YES;
				CLANG_WARN_STRICT_PROTOTYPES = YES;
				CLANG_WARN_SUSPICIOUS_MOVE = YES;
				CLANG_WARN_UNGUARDED_AVAILABILITY = YES_AGGRESSIVE;
				CLANG_WARN_UNREACHABLE_CODE = YES;
				CLANG_WARN__DUPLICATE_METHOD_MATCH = YES;
				COPY_PHASE_STRIP = NO;
				DEBUG_INFORMATION_FORMAT = "dwarf-with-dsym";
				ENABLE_NS_ASSERTIONS = NO;
				ENABLE_STRICT_OBJC_MSGSEND = YES;
				GCC_C_LANGUAGE_STANDARD = gnu11;
				GCC_NO_COMMON_BLOCKS = YES;
				GCC_WARN_64_TO_32_BIT_CONVERSION = YES;
				GCC_WARN_ABOUT_RETURN_TYPE = YES_ERROR;
				GCC_WARN_UNDECLARED_SELECTOR = YES;
				GCC_WARN_UNINITIALIZED_AUTOS = YES_AGGRESSIVE;
				GCC_WARN_UNUSED_FUNCTION = YES;
				GCC_WARN_UNUSED_VARIABLE = YES;
				IPHONEOS_DEPLOYMENT_TARGET = 13.2;
				MTL_ENABLE_DEBUG_INFO = NO;
				MTL_FAST_MATH = YES;
				SDKROOT = iphoneos;
				SWIFT_COMPILATION_MODE = wholemodule;
				SWIFT_OPTIMIZATION_LEVEL = "-O";
				VALIDATE_PRODUCT = YES;
			};
			name = Release;
		};
		C45787D423B5DA360069F401 /* Debug */ = {
			isa = XCBuildConfiguration;
			buildSettings = {
				ASSETCATALOG_COMPILER_APPICON_NAME = AppIcon;
				CODE_SIGN_STYLE = Automatic;
				DEVELOPMENT_TEAM = N7MH6464ZN;
				INFOPLIST_FILE = GitTest/Info.plist;
				LD_RUNPATH_SEARCH_PATHS = (
					"$(inherited)",
					"@executable_path/Frameworks",
				);
				PRODUCT_BUNDLE_IDENTIFIER = com.finports.GitTest;
				PRODUCT_NAME = "$(TARGET_NAME)";
				SWIFT_VERSION = 5.0;
				TARGETED_DEVICE_FAMILY = "1,2";
			};
			name = Debug;
		};
		C45787D523B5DA360069F401 /* Release */ = {
			isa = XCBuildConfiguration;
			buildSettings = {
				ASSETCATALOG_COMPILER_APPICON_NAME = AppIcon;
				CODE_SIGN_STYLE = Automatic;
				DEVELOPMENT_TEAM = N7MH6464ZN;
				INFOPLIST_FILE = GitTest/Info.plist;
				LD_RUNPATH_SEARCH_PATHS = (
					"$(inherited)",
					"@executable_path/Frameworks",
				);
				PRODUCT_BUNDLE_IDENTIFIER = com.finports.GitTest;
				PRODUCT_NAME = "$(TARGET_NAME)";
				SWIFT_VERSION = 5.0;
				TARGETED_DEVICE_FAMILY = "1,2";
			};
			name = Release;
		};
		C45787D723B5DA360069F401 /* Debug */ = {
			isa = XCBuildConfiguration;
			buildSettings = {
				ALWAYS_EMBED_SWIFT_STANDARD_LIBRARIES = YES;
				BUNDLE_LOADER = "$(TEST_HOST)";
				CODE_SIGN_STYLE = Automatic;
				DEVELOPMENT_TEAM = N7MH6464ZN;
				INFOPLIST_FILE = GitTestTests/Info.plist;
				IPHONEOS_DEPLOYMENT_TARGET = 13.2;
				LD_RUNPATH_SEARCH_PATHS = (
					"$(inherited)",
					"@executable_path/Frameworks",
					"@loader_path/Frameworks",
				);
				PRODUCT_BUNDLE_IDENTIFIER = com.finports.GitTestTests;
				PRODUCT_NAME = "$(TARGET_NAME)";
				SWIFT_VERSION = 5.0;
				TARGETED_DEVICE_FAMILY = "1,2";
				TEST_HOST = "$(BUILT_PRODUCTS_DIR)/GitTest.app/GitTest";
			};
			name = Debug;
		};
		C45787D823B5DA360069F401 /* Release */ = {
			isa = XCBuildConfiguration;
			buildSettings = {
				ALWAYS_EMBED_SWIFT_STANDARD_LIBRARIES = YES;
				BUNDLE_LOADER = "$(TEST_HOST)";
				CODE_SIGN_STYLE = Automatic;
				DEVELOPMENT_TEAM = N7MH6464ZN;
				INFOPLIST_FILE = GitTestTests/Info.plist;
				IPHONEOS_DEPLOYMENT_TARGET = 13.2;
				LD_RUNPATH_SEARCH_PATHS = (
					"$(inherited)",
					"@executable_path/Frameworks",
					"@loader_path/Frameworks",
				);
				PRODUCT_BUNDLE_IDENTIFIER = com.finports.GitTestTests;
				PRODUCT_NAME = "$(TARGET_NAME)";
				SWIFT_VERSION = 5.0;
				TARGETED_DEVICE_FAMILY = "1,2";
				TEST_HOST = "$(BUILT_PRODUCTS_DIR)/GitTest.app/GitTest";
			};
			name = Release;
		};
		C45787DA23B5DA360069F401 /* Debug */ = {
			isa = XCBuildConfiguration;
			buildSettings = {
				ALWAYS_EMBED_SWIFT_STANDARD_LIBRARIES = YES;
				CODE_SIGN_STYLE = Automatic;
				DEVELOPMENT_TEAM = N7MH6464ZN;
				INFOPLIST_FILE = GitTestUITests/Info.plist;
				LD_RUNPATH_SEARCH_PATHS = (
					"$(inherited)",
					"@executable_path/Frameworks",
					"@loader_path/Frameworks",
				);
				PRODUCT_BUNDLE_IDENTIFIER = com.finports.GitTestUITests;
				PRODUCT_NAME = "$(TARGET_NAME)";
				SWIFT_VERSION = 5.0;
				TARGETED_DEVICE_FAMILY = "1,2";
				TEST_TARGET_NAME = GitTest;
			};
			name = Debug;
		};
		C45787DB23B5DA360069F401 /* Release */ = {
			isa = XCBuildConfiguration;
			buildSettings = {
				ALWAYS_EMBED_SWIFT_STANDARD_LIBRARIES = YES;
				CODE_SIGN_STYLE = Automatic;
				DEVELOPMENT_TEAM = N7MH6464ZN;
				INFOPLIST_FILE = GitTestUITests/Info.plist;
				LD_RUNPATH_SEARCH_PATHS = (
					"$(inherited)",
					"@executable_path/Frameworks",
					"@loader_path/Frameworks",
				);
				PRODUCT_BUNDLE_IDENTIFIER = com.finports.GitTestUITests;
				PRODUCT_NAME = "$(TARGET_NAME)";
				SWIFT_VERSION = 5.0;
				TARGETED_DEVICE_FAMILY = "1,2";
				TEST_TARGET_NAME = GitTest;
			};
			name = Release;
		};
/* End XCBuildConfiguration section */

/* Begin XCConfigurationList section */
		C45787A423B5DA330069F401 /* Build configuration list for PBXProject "GitTest" */ = {
			isa = XCConfigurationList;
			buildConfigurations = (
				C45787D123B5DA360069F401 /* Debug */,
				C45787D223B5DA360069F401 /* Release */,
			);
			defaultConfigurationIsVisible = 0;
			defaultConfigurationName = Release;
		};
		C45787D323B5DA360069F401 /* Build configuration list for PBXNativeTarget "GitTest" */ = {
			isa = XCConfigurationList;
			buildConfigurations = (
				C45787D423B5DA360069F401 /* Debug */,
				C45787D523B5DA360069F401 /* Release */,
			);
			defaultConfigurationIsVisible = 0;
			defaultConfigurationName = Release;
		};
		C45787D623B5DA360069F401 /* Build configuration list for PBXNativeTarget "GitTestTests" */ = {
			isa = XCConfigurationList;
			buildConfigurations = (
				C45787D723B5DA360069F401 /* Debug */,
				C45787D823B5DA360069F401 /* Release */,
			);
			defaultConfigurationIsVisible = 0;
			defaultConfigurationName = Release;
		};
		C45787D923B5DA360069F401 /* Build configuration list for PBXNativeTarget "GitTestUITests" */ = {
			isa = XCConfigurationList;
			buildConfigurations = (
				C45787DA23B5DA360069F401 /* Debug */,
				C45787DB23B5DA360069F401 /* Release */,
			);
			defaultConfigurationIsVisible = 0;
			defaultConfigurationName = Release;
		};
/* End XCConfigurationList section */
	};
	rootObject = C45787A123B5DA330069F401 /* Project object */;
}
